<?xml version="1.0" encoding="utf-8"?>
<Project ToolsVersion="4.0" xmlns="http://schemas.microsoft.com/developer/msbuild/2003">
  <ItemGroup>
    <Filter Include="Source Files">
      <UniqueIdentifier>{4FC737F1-C7A5-4376-A066-2A32D752A2FF}</UniqueIdentifier>
      <Extensions>cpp;c;cc;cxx;c++;cppm;ixx;def;odl;idl;hpj;bat;asm;asmx</Extensions>
    </Filter>
    <Filter Include="Header Files">
      <UniqueIdentifier>{93995380-89BD-4b04-88EB-625FBE52EBFB}</UniqueIdentifier>
      <Extensions>h;hh;hpp;hxx;h++;hm;inl;inc;ipp;xsd</Extensions>
    </Filter>
    <Filter Include="Resource Files">
      <UniqueIdentifier>{67DA6AB6-F800-4c08-8B7A-83BB121AAD01}</UniqueIdentifier>
      <Extensions>rc;ico;cur;bmp;dlg;rc2;rct;bin;rgs;gif;jpg;jpeg;jpe;resx;tiff;tif;png;wav;mfcribbon-ms</Extensions>
    </Filter>
    <Filter Include="sprint 1">
      <UniqueIdentifier>{2c964b8e-dc0f-4af9-aec5-7a4fbd318137}</UniqueIdentifier>
    </Filter>
    <Filter Include="sprint 1\Header Files">
      <UniqueIdentifier>{e3d26eda-e580-4b17-8ab7-e7ebbb06563e}</UniqueIdentifier>
    </Filter>
    <Filter Include="sprint 1\Source Files">
      <UniqueIdentifier>{40e3abbb-3a10-4fd0-b883-01adafac91d9}</UniqueIdentifier>
    </Filter>
  </ItemGroup>
  <ItemGroup>
    <ClCompile Include="Source.cpp">
      <Filter>Source Files</Filter>
    </ClCompile>
    <ClCompile Include="task3.cpp">
      <Filter>sprint 1\Source Files</Filter>
    </ClCompile>
    <ClCompile Include="FinTask.cpp">
      <Filter>sprint 1\Source Files</Filter>
    </ClCompile>
    <ClCompile Include="Proj2.cpp">
      <Filter>sprint 1\Source Files</Filter>
    </ClCompile>
    <ClCompile Include="SearchServer.cpp">
      <Filter>sprint 1\Source Files</Filter>
    </ClCompile>
    <ClCompile Include="task1.cpp">
      <Filter>sprint 1\Source Files</Filter>
    </ClCompile>
    <ClCompile Include="task1_relevantDocs.cpp">
      <Filter>sprint 1\Source Files</Filter>
    </ClCompile>
    <ClCompile Include="task2_relevantDocs.cpp">
      <Filter>sprint 1\Source Files</Filter>
    </ClCompile>
    <ClCompile Include="TaskTracker.cpp">
      <Filter>sprint 1\Source Files</Filter>
    </ClCompile>
  </ItemGroup>
  <ItemGroup>
    <ClInclude Include="task3.h">
      <Filter>sprint 1\Header Files</Filter>
    </ClInclude>
    <ClInclude Include="FinTask.h">
      <Filter>sprint 1\Header Files</Filter>
    </ClInclude>
    <ClInclude Include="Proj2.h">
      <Filter>sprint 1\Header Files</Filter>
    </ClInclude>
    <ClInclude Include="SearchServer.h">
      <Filter>sprint 1\Header Files</Filter>
    </ClInclude>
    <ClInclude Include="task1.h">
      <Filter>sprint 1\Header Files</Filter>
    </ClInclude>
    <ClInclude Include="task1_relevantDocs.h">
      <Filter>sprint 1\Header Files</Filter>
    </ClInclude>
    <ClInclude Include="task2_relevantDocs.h">
      <Filter>sprint 1\Header Files</Filter>
    </ClInclude>
    <ClInclude Include="Sprint1.h">
      <Filter>Header Files</Filter>
    </ClInclude>
    <ClInclude Include="NumericTypes07.h">
      <Filter>sprint 1\Header Files</Filter>
    </ClInclude>
    <ClInclude Include="PairsAndCorteges08.h">
      <Filter>sprint 1\Header Files</Filter>
    </ClInclude>
    <ClInclude Include="TaskTracker.h">
      <Filter>sprint 1\Header Files</Filter>
    </ClInclude>
  </ItemGroup>
</Project>