<?xml version="1.0" encoding="utf-8"?>
<Project ToolsVersion="4.0" xmlns="http://schemas.microsoft.com/developer/msbuild/2003">
  <ItemGroup>
    <Filter Include="Source Files">
      <UniqueIdentifier>{4FC737F1-C7A5-4376-A066-2A32D752A2FF}</UniqueIdentifier>
      <Extensions>cpp;c;cc;cxx;c++;cppm;ixx;def;odl;idl;hpj;bat;asm;asmx</Extensions>
    </Filter>
    <Filter Include="Header Files">
      <UniqueIdentifier>{93995380-89BD-4b04-88EB-625FBE52EBFB}</UniqueIdentifier>
      <Extensions>h;hh;hpp;hxx;h++;hm;inl;inc;ipp;xsd</Extensions>
    </Filter>
    <Filter Include="Resource Files">
      <UniqueIdentifier>{67DA6AB6-F800-4c08-8B7A-83BB121AAD01}</UniqueIdentifier>
      <Extensions>rc;ico;cur;bmp;dlg;rc2;rct;bin;rgs;gif;jpg;jpeg;jpe;resx;tiff;tif;png;wav;mfcribbon-ms</Extensions>
    </Filter>
    <Filter Include="sprint2">
      <UniqueIdentifier>{129a2b5e-0a78-4a2d-8dc9-05e0270c7597}</UniqueIdentifier>
    </Filter>
    <Filter Include="sprint2\Header Files">
      <UniqueIdentifier>{0cd7d1b6-4a03-47e7-b7c8-96654ade5401}</UniqueIdentifier>
    </Filter>
    <Filter Include="sprint2\Source Files">
      <UniqueIdentifier>{cb01d260-16e2-46be-be4e-e1fc18219889}</UniqueIdentifier>
    </Filter>
  </ItemGroup>
  <ItemGroup>
    <ClCompile Include="Soure.cpp">
      <Filter>Source Files</Filter>
    </ClCompile>
    <ClCompile Include="sprint2.cpp">
      <Filter>sprint2</Filter>
    </ClCompile>
    <ClCompile Include="Testing.cpp">
      <Filter>sprint2\Source Files</Filter>
    </ClCompile>
    <ClCompile Include="Synonyms.cpp">
      <Filter>sprint2\Source Files</Filter>
    </ClCompile>
    <ClCompile Include="Buses.cpp">
      <Filter>sprint2\Source Files</Filter>
    </ClCompile>
  </ItemGroup>
  <ItemGroup>
    <ClInclude Include="sprint2.h">
      <Filter>sprint2</Filter>
    </ClInclude>
    <ClInclude Include="Testing.h">
      <Filter>sprint2\Header Files</Filter>
    </ClInclude>
    <ClInclude Include="ReadFromConsole.h">
      <Filter>sprint2</Filter>
    </ClInclude>
    <ClInclude Include="Synonyms.h">
      <Filter>sprint2\Header Files</Filter>
    </ClInclude>
    <ClInclude Include="Buses.h">
      <Filter>sprint2\Header Files</Filter>
    </ClInclude>
  </ItemGroup>
</Project>